
Microsoft Visual Studio Solution File, Format Version 12.00
Project("{FAE04EC0-301F-11D3-BF4B-00C04F79EFBC}") = "DFlow.Example", "samples\DFlow.Example\DFlow.Example.csproj", "{3CE7D4D0-58BF-44C5-AC84-7CA1FBD17E03}"
EndProject
Project("{FAE04EC0-301F-11D3-BF4B-00C04F79EFBC}") = "DFlow", "src\DFlow\DFlow.csproj", "{D5C025B8-AC7E-4C19-99EA-03732456F812}"
EndProject
Project("{FAE04EC0-301F-11D3-BF4B-00C04F79EFBC}") = "DFlow.Tests", "tests\DFlow.Tests\DFlow.Tests.csproj", "{E592B474-F073-41A8-8AEE-C24A7AD19586}"
EndProject
Project("{FAE04EC0-301F-11D3-BF4B-00C04F79EFBC}") = "DFlow.DependencyInjection.SimpleInjector", "src\contrib\DFlow.DependencyInjection.SimpleInjector\DFlow.DependencyInjection.SimpleInjector.csproj", "{AE714C76-3519-49DB-8B0E-484F363311FB}"
EndProject
Project("{FAE04EC0-301F-11D3-BF4B-00C04F79EFBC}") = "DFlow.AspNetCore", "src\contrib\DFlow.AspNetCore\DFlow.AspNetCore.csproj", "{F370775C-FA29-4340-BCE5-CB71304C58A4}"
EndProject
Project("{FAE04EC0-301F-11D3-BF4B-00C04F79EFBC}") = "DFlow.Domain", "src\DFlow.Domain\DFlow.Domain.csproj", "{C4379CA3-A13D-4E42-B381-3E71EE945FDF}"
EndProject
Project("{FAE04EC0-301F-11D3-BF4B-00C04F79EFBC}") = "DFlow.Tests.Domain", "tests\DFlow.Tests.Domain\DFlow.Tests.Domain.csproj", "{E7EB4E33-E99B-402B-87F0-AC27A9C1D5DE}"
EndProject
Project("{FAE04EC0-301F-11D3-BF4B-00C04F79EFBC}") = "DFlow.Domain.Events", "src\DFlow.Domain.Events\DFlow.Domain.Events.csproj", "{82AB6062-B521-48AF-9611-F632251077D0}"
EndProject
Project("{FAE04EC0-301F-11D3-BF4B-00C04F79EFBC}") = "DFlow.Domain.EventBus.FluentMediator", "src\DFlow.Domain.EventBus.FluentMediator\DFlow.Domain.EventBus.FluentMediator.csproj", "{16718BD0-82A7-48D0-A827-17176802858D}"
EndProject
Project("{FAE04EC0-301F-11D3-BF4B-00C04F79EFBC}") = "DFlow.Business.Cqrs", "src\DFlow.Business.Cqrs\DFlow.Business.Cqrs.csproj", "{7057935D-2C6A-4CF7-B083-613441EA40AE}"
EndProject
Project("{2150E333-8FDC-42A3-9474-1A3956D46DE8}") = "FirstImpl", "FirstImpl", "{085060D8-3CA9-4165-AFB3-A11EBF5746E6}"
EndProject
Project("{2150E333-8FDC-42A3-9474-1A3956D46DE8}") = "Samples", "Samples", "{96AC39D1-C074-4993-B3E2-F190B2B3E5D4}"
EndProject
Project("{FAE04EC0-301F-11D3-BF4B-00C04F79EFBC}") = "SimplestApp", "samples\SimplestApp\SimplestApp.csproj", "{BDF24821-36AA-43D8-A55F-DF960D88E349}"
EndProject
Project("{FAE04EC0-301F-11D3-BF4B-00C04F79EFBC}") = "DFlow.Samples.Domain", "samples\DFlow.Samples.Domain\DFlow.Samples.Domain.csproj", "{ECB83291-4308-440B-863E-A4BFDDC46D36}"
EndProject
Project("{2150E333-8FDC-42A3-9474-1A3956D46DE8}") = "Tests", "Tests", "{1D9940E4-09D4-42B9-B72D-2DA4D1AA00EB}"
EndProject
Global
	GlobalSection(SolutionConfigurationPlatforms) = preSolution
		Debug|Any CPU = Debug|Any CPU
		Release|Any CPU = Release|Any CPU
		Tests|Any CPU = Tests|Any CPU
	EndGlobalSection
	GlobalSection(ProjectConfigurationPlatforms) = postSolution
		{3CE7D4D0-58BF-44C5-AC84-7CA1FBD17E03}.Debug|Any CPU.ActiveCfg = Debug|Any CPU
		{3CE7D4D0-58BF-44C5-AC84-7CA1FBD17E03}.Debug|Any CPU.Build.0 = Debug|Any CPU
		{3CE7D4D0-58BF-44C5-AC84-7CA1FBD17E03}.Release|Any CPU.ActiveCfg = Release|Any CPU
		{3CE7D4D0-58BF-44C5-AC84-7CA1FBD17E03}.Release|Any CPU.Build.0 = Release|Any CPU
		{3CE7D4D0-58BF-44C5-AC84-7CA1FBD17E03}.Tests|Any CPU.ActiveCfg = Tests|Any CPU
		{3CE7D4D0-58BF-44C5-AC84-7CA1FBD17E03}.Tests|Any CPU.Build.0 = Tests|Any CPU
		{D5C025B8-AC7E-4C19-99EA-03732456F812}.Debug|Any CPU.ActiveCfg = Debug|Any CPU
		{D5C025B8-AC7E-4C19-99EA-03732456F812}.Debug|Any CPU.Build.0 = Debug|Any CPU
		{D5C025B8-AC7E-4C19-99EA-03732456F812}.Release|Any CPU.ActiveCfg = Release|Any CPU
		{D5C025B8-AC7E-4C19-99EA-03732456F812}.Release|Any CPU.Build.0 = Release|Any CPU
		{D5C025B8-AC7E-4C19-99EA-03732456F812}.Tests|Any CPU.ActiveCfg = Tests|Any CPU
		{D5C025B8-AC7E-4C19-99EA-03732456F812}.Tests|Any CPU.Build.0 = Tests|Any CPU
		{E592B474-F073-41A8-8AEE-C24A7AD19586}.Debug|Any CPU.ActiveCfg = Debug|Any CPU
		{E592B474-F073-41A8-8AEE-C24A7AD19586}.Debug|Any CPU.Build.0 = Debug|Any CPU
		{E592B474-F073-41A8-8AEE-C24A7AD19586}.Release|Any CPU.ActiveCfg = Release|Any CPU
		{E592B474-F073-41A8-8AEE-C24A7AD19586}.Release|Any CPU.Build.0 = Release|Any CPU
		{E592B474-F073-41A8-8AEE-C24A7AD19586}.Tests|Any CPU.ActiveCfg = Debug|Any CPU
		{E592B474-F073-41A8-8AEE-C24A7AD19586}.Tests|Any CPU.Build.0 = Debug|Any CPU
		{AE714C76-3519-49DB-8B0E-484F363311FB}.Debug|Any CPU.ActiveCfg = Debug|Any CPU
		{AE714C76-3519-49DB-8B0E-484F363311FB}.Debug|Any CPU.Build.0 = Debug|Any CPU
		{AE714C76-3519-49DB-8B0E-484F363311FB}.Release|Any CPU.ActiveCfg = Release|Any CPU
		{AE714C76-3519-49DB-8B0E-484F363311FB}.Release|Any CPU.Build.0 = Release|Any CPU
		{AE714C76-3519-49DB-8B0E-484F363311FB}.Tests|Any CPU.ActiveCfg = Debug|Any CPU
		{AE714C76-3519-49DB-8B0E-484F363311FB}.Tests|Any CPU.Build.0 = Debug|Any CPU
		{F370775C-FA29-4340-BCE5-CB71304C58A4}.Debug|Any CPU.ActiveCfg = Debug|Any CPU
		{F370775C-FA29-4340-BCE5-CB71304C58A4}.Debug|Any CPU.Build.0 = Debug|Any CPU
		{F370775C-FA29-4340-BCE5-CB71304C58A4}.Release|Any CPU.ActiveCfg = Release|Any CPU
		{F370775C-FA29-4340-BCE5-CB71304C58A4}.Release|Any CPU.Build.0 = Release|Any CPU
		{F370775C-FA29-4340-BCE5-CB71304C58A4}.Tests|Any CPU.ActiveCfg = Debug|Any CPU
		{F370775C-FA29-4340-BCE5-CB71304C58A4}.Tests|Any CPU.Build.0 = Debug|Any CPU
		{C4379CA3-A13D-4E42-B381-3E71EE945FDF}.Debug|Any CPU.ActiveCfg = Debug|Any CPU
		{C4379CA3-A13D-4E42-B381-3E71EE945FDF}.Debug|Any CPU.Build.0 = Debug|Any CPU
		{C4379CA3-A13D-4E42-B381-3E71EE945FDF}.Release|Any CPU.ActiveCfg = Release|Any CPU
		{C4379CA3-A13D-4E42-B381-3E71EE945FDF}.Release|Any CPU.Build.0 = Release|Any CPU
		{C4379CA3-A13D-4E42-B381-3E71EE945FDF}.Tests|Any CPU.ActiveCfg = Debug|Any CPU
		{C4379CA3-A13D-4E42-B381-3E71EE945FDF}.Tests|Any CPU.Build.0 = Debug|Any CPU
		{E7EB4E33-E99B-402B-87F0-AC27A9C1D5DE}.Debug|Any CPU.ActiveCfg = Debug|Any CPU
		{E7EB4E33-E99B-402B-87F0-AC27A9C1D5DE}.Debug|Any CPU.Build.0 = Debug|Any CPU
		{E7EB4E33-E99B-402B-87F0-AC27A9C1D5DE}.Release|Any CPU.ActiveCfg = Release|Any CPU
		{E7EB4E33-E99B-402B-87F0-AC27A9C1D5DE}.Release|Any CPU.Build.0 = Release|Any CPU
		{E7EB4E33-E99B-402B-87F0-AC27A9C1D5DE}.Tests|Any CPU.ActiveCfg = Debug|Any CPU
		{E7EB4E33-E99B-402B-87F0-AC27A9C1D5DE}.Tests|Any CPU.Build.0 = Debug|Any CPU
		{82AB6062-B521-48AF-9611-F632251077D0}.Debug|Any CPU.ActiveCfg = Debug|Any CPU
		{82AB6062-B521-48AF-9611-F632251077D0}.Debug|Any CPU.Build.0 = Debug|Any CPU
		{82AB6062-B521-48AF-9611-F632251077D0}.Release|Any CPU.ActiveCfg = Release|Any CPU
		{82AB6062-B521-48AF-9611-F632251077D0}.Release|Any CPU.Build.0 = Release|Any CPU
		{82AB6062-B521-48AF-9611-F632251077D0}.Tests|Any CPU.ActiveCfg = Debug|Any CPU
		{82AB6062-B521-48AF-9611-F632251077D0}.Tests|Any CPU.Build.0 = Debug|Any CPU
		{16718BD0-82A7-48D0-A827-17176802858D}.Debug|Any CPU.ActiveCfg = Debug|Any CPU
		{16718BD0-82A7-48D0-A827-17176802858D}.Debug|Any CPU.Build.0 = Debug|Any CPU
		{16718BD0-82A7-48D0-A827-17176802858D}.Release|Any CPU.ActiveCfg = Release|Any CPU
		{16718BD0-82A7-48D0-A827-17176802858D}.Release|Any CPU.Build.0 = Release|Any CPU
		{16718BD0-82A7-48D0-A827-17176802858D}.Tests|Any CPU.ActiveCfg = Debug|Any CPU
		{16718BD0-82A7-48D0-A827-17176802858D}.Tests|Any CPU.Build.0 = Debug|Any CPU
		{7057935D-2C6A-4CF7-B083-613441EA40AE}.Debug|Any CPU.ActiveCfg = Debug|Any CPU
		{7057935D-2C6A-4CF7-B083-613441EA40AE}.Debug|Any CPU.Build.0 = Debug|Any CPU
		{7057935D-2C6A-4CF7-B083-613441EA40AE}.Release|Any CPU.ActiveCfg = Release|Any CPU
		{7057935D-2C6A-4CF7-B083-613441EA40AE}.Release|Any CPU.Build.0 = Release|Any CPU
		{7057935D-2C6A-4CF7-B083-613441EA40AE}.Tests|Any CPU.ActiveCfg = Debug|Any CPU
		{7057935D-2C6A-4CF7-B083-613441EA40AE}.Tests|Any CPU.Build.0 = Debug|Any CPU
		{BDF24821-36AA-43D8-A55F-DF960D88E349}.Debug|Any CPU.ActiveCfg = Debug|Any CPU
		{BDF24821-36AA-43D8-A55F-DF960D88E349}.Debug|Any CPU.Build.0 = Debug|Any CPU
		{BDF24821-36AA-43D8-A55F-DF960D88E349}.Release|Any CPU.ActiveCfg = Release|Any CPU
		{BDF24821-36AA-43D8-A55F-DF960D88E349}.Release|Any CPU.Build.0 = Release|Any CPU
		{BDF24821-36AA-43D8-A55F-DF960D88E349}.Tests|Any CPU.ActiveCfg = Debug|Any CPU
		{BDF24821-36AA-43D8-A55F-DF960D88E349}.Tests|Any CPU.Build.0 = Debug|Any CPU
		{ECB83291-4308-440B-863E-A4BFDDC46D36}.Debug|Any CPU.ActiveCfg = Debug|Any CPU
		{ECB83291-4308-440B-863E-A4BFDDC46D36}.Debug|Any CPU.Build.0 = Debug|Any CPU
		{ECB83291-4308-440B-863E-A4BFDDC46D36}.Release|Any CPU.ActiveCfg = Release|Any CPU
		{ECB83291-4308-440B-863E-A4BFDDC46D36}.Release|Any CPU.Build.0 = Release|Any CPU
		{ECB83291-4308-440B-863E-A4BFDDC46D36}.Tests|Any CPU.ActiveCfg = Debug|Any CPU
		{ECB83291-4308-440B-863E-A4BFDDC46D36}.Tests|Any CPU.Build.0 = Debug|Any CPU
	EndGlobalSection
	GlobalSection(NestedProjects) = preSolution
		{D5C025B8-AC7E-4C19-99EA-03732456F812} = {085060D8-3CA9-4165-AFB3-A11EBF5746E6}
		{F370775C-FA29-4340-BCE5-CB71304C58A4} = {085060D8-3CA9-4165-AFB3-A11EBF5746E6}
		{AE714C76-3519-49DB-8B0E-484F363311FB} = {085060D8-3CA9-4165-AFB3-A11EBF5746E6}
		{3CE7D4D0-58BF-44C5-AC84-7CA1FBD17E03} = {085060D8-3CA9-4165-AFB3-A11EBF5746E6}
		{E592B474-F073-41A8-8AEE-C24A7AD19586} = {085060D8-3CA9-4165-AFB3-A11EBF5746E6}
		{BDF24821-36AA-43D8-A55F-DF960D88E349} = {96AC39D1-C074-4993-B3E2-F190B2B3E5D4}
		{ECB83291-4308-440B-863E-A4BFDDC46D36} = {96AC39D1-C074-4993-B3E2-F190B2B3E5D4}
		{E7EB4E33-E99B-402B-87F0-AC27A9C1D5DE} = {1D9940E4-09D4-42B9-B72D-2DA4D1AA00EB}
	EndGlobalSection
EndGlobal
