
Microsoft Visual Studio Solution File, Format Version 12.00
Project("{FAE04EC0-301F-11D3-BF4B-00C04F79EFBC}") = "DFlow.Example", "samples\DFlow.Example\DFlow.Example.csproj", "{3CE7D4D0-58BF-44C5-AC84-7CA1FBD17E03}"
EndProject
Project("{FAE04EC0-301F-11D3-BF4B-00C04F79EFBC}") = "DFlow", "src\DFlow\DFlow.csproj", "{D5C025B8-AC7E-4C19-99EA-03732456F812}"
EndProject
Project("{FAE04EC0-301F-11D3-BF4B-00C04F79EFBC}") = "DFlow.Tests", "tests\DFlow.Tests\DFlow.Tests.csproj", "{E592B474-F073-41A8-8AEE-C24A7AD19586}"
EndProject
Project("{FAE04EC0-301F-11D3-BF4B-00C04F79EFBC}") = "DFlow.DependencyInjection.SimpleInjector", "src\contrib\DFlow.DependencyInjection.SimpleInjector\DFlow.DependencyInjection.SimpleInjector.csproj", "{AE714C76-3519-49DB-8B0E-484F363311FB}"
EndProject
Project("{FAE04EC0-301F-11D3-BF4B-00C04F79EFBC}") = "DFlow.AspNetCore", "src\contrib\DFlow.AspNetCore\DFlow.AspNetCore.csproj", "{F370775C-FA29-4340-BCE5-CB71304C58A4}"
EndProject
Project("{FAE04EC0-301F-11D3-BF4B-00C04F79EFBC}") = "DFlow.Domain", "src\DFlow.Domain\DFlow.Domain.csproj", "{C4379CA3-A13D-4E42-B381-3E71EE945FDF}"
EndProject
Project("{FAE04EC0-301F-11D3-BF4B-00C04F79EFBC}") = "DFlow.Tests.Domain", "tests\DFlow.Tests.Domain\DFlow.Tests.Domain.csproj", "{E7EB4E33-E99B-402B-87F0-AC27A9C1D5DE}"
EndProject
Project("{FAE04EC0-301F-11D3-BF4B-00C04F79EFBC}") = "DFlow.Domain.Events", "src\DFlow.Domain.Events\DFlow.Domain.Events.csproj", "{82AB6062-B521-48AF-9611-F632251077D0}"
EndProject
Global
	GlobalSection(SolutionConfigurationPlatforms) = preSolution
		Debug|Any CPU = Debug|Any CPU
		Release|Any CPU = Release|Any CPU
		Tests|Any CPU = Tests|Any CPU
	EndGlobalSection
	GlobalSection(ProjectConfigurationPlatforms) = postSolution
		{3CE7D4D0-58BF-44C5-AC84-7CA1FBD17E03}.Debug|Any CPU.ActiveCfg = Debug|Any CPU
		{3CE7D4D0-58BF-44C5-AC84-7CA1FBD17E03}.Debug|Any CPU.Build.0 = Debug|Any CPU
		{3CE7D4D0-58BF-44C5-AC84-7CA1FBD17E03}.Release|Any CPU.ActiveCfg = Release|Any CPU
		{3CE7D4D0-58BF-44C5-AC84-7CA1FBD17E03}.Release|Any CPU.Build.0 = Release|Any CPU
		{3CE7D4D0-58BF-44C5-AC84-7CA1FBD17E03}.Tests|Any CPU.ActiveCfg = Tests|Any CPU
		{3CE7D4D0-58BF-44C5-AC84-7CA1FBD17E03}.Tests|Any CPU.Build.0 = Tests|Any CPU
		{D5C025B8-AC7E-4C19-99EA-03732456F812}.Debug|Any CPU.ActiveCfg = Debug|Any CPU
		{D5C025B8-AC7E-4C19-99EA-03732456F812}.Debug|Any CPU.Build.0 = Debug|Any CPU
		{D5C025B8-AC7E-4C19-99EA-03732456F812}.Release|Any CPU.ActiveCfg = Release|Any CPU
		{D5C025B8-AC7E-4C19-99EA-03732456F812}.Release|Any CPU.Build.0 = Release|Any CPU
		{D5C025B8-AC7E-4C19-99EA-03732456F812}.Tests|Any CPU.ActiveCfg = Tests|Any CPU
		{D5C025B8-AC7E-4C19-99EA-03732456F812}.Tests|Any CPU.Build.0 = Tests|Any CPU
		{E592B474-F073-41A8-8AEE-C24A7AD19586}.Debug|Any CPU.ActiveCfg = Debug|Any CPU
		{E592B474-F073-41A8-8AEE-C24A7AD19586}.Debug|Any CPU.Build.0 = Debug|Any CPU
		{E592B474-F073-41A8-8AEE-C24A7AD19586}.Release|Any CPU.ActiveCfg = Release|Any CPU
		{E592B474-F073-41A8-8AEE-C24A7AD19586}.Release|Any CPU.Build.0 = Release|Any CPU
		{E592B474-F073-41A8-8AEE-C24A7AD19586}.Tests|Any CPU.ActiveCfg = Debug|Any CPU
		{E592B474-F073-41A8-8AEE-C24A7AD19586}.Tests|Any CPU.Build.0 = Debug|Any CPU
		{AE714C76-3519-49DB-8B0E-484F363311FB}.Debug|Any CPU.ActiveCfg = Debug|Any CPU
		{AE714C76-3519-49DB-8B0E-484F363311FB}.Debug|Any CPU.Build.0 = Debug|Any CPU
		{AE714C76-3519-49DB-8B0E-484F363311FB}.Release|Any CPU.ActiveCfg = Release|Any CPU
		{AE714C76-3519-49DB-8B0E-484F363311FB}.Release|Any CPU.Build.0 = Release|Any CPU
		{AE714C76-3519-49DB-8B0E-484F363311FB}.Tests|Any CPU.ActiveCfg = Debug|Any CPU
		{AE714C76-3519-49DB-8B0E-484F363311FB}.Tests|Any CPU.Build.0 = Debug|Any CPU
		{F370775C-FA29-4340-BCE5-CB71304C58A4}.Debug|Any CPU.ActiveCfg = Debug|Any CPU
		{F370775C-FA29-4340-BCE5-CB71304C58A4}.Debug|Any CPU.Build.0 = Debug|Any CPU
		{F370775C-FA29-4340-BCE5-CB71304C58A4}.Release|Any CPU.ActiveCfg = Release|Any CPU
		{F370775C-FA29-4340-BCE5-CB71304C58A4}.Release|Any CPU.Build.0 = Release|Any CPU
		{F370775C-FA29-4340-BCE5-CB71304C58A4}.Tests|Any CPU.ActiveCfg = Debug|Any CPU
		{F370775C-FA29-4340-BCE5-CB71304C58A4}.Tests|Any CPU.Build.0 = Debug|Any CPU
		{C4379CA3-A13D-4E42-B381-3E71EE945FDF}.Debug|Any CPU.ActiveCfg = Debug|Any CPU
		{C4379CA3-A13D-4E42-B381-3E71EE945FDF}.Debug|Any CPU.Build.0 = Debug|Any CPU
		{C4379CA3-A13D-4E42-B381-3E71EE945FDF}.Release|Any CPU.ActiveCfg = Release|Any CPU
		{C4379CA3-A13D-4E42-B381-3E71EE945FDF}.Release|Any CPU.Build.0 = Release|Any CPU
		{C4379CA3-A13D-4E42-B381-3E71EE945FDF}.Tests|Any CPU.ActiveCfg = Debug|Any CPU
		{C4379CA3-A13D-4E42-B381-3E71EE945FDF}.Tests|Any CPU.Build.0 = Debug|Any CPU
		{E7EB4E33-E99B-402B-87F0-AC27A9C1D5DE}.Debug|Any CPU.ActiveCfg = Debug|Any CPU
		{E7EB4E33-E99B-402B-87F0-AC27A9C1D5DE}.Debug|Any CPU.Build.0 = Debug|Any CPU
		{E7EB4E33-E99B-402B-87F0-AC27A9C1D5DE}.Release|Any CPU.ActiveCfg = Release|Any CPU
		{E7EB4E33-E99B-402B-87F0-AC27A9C1D5DE}.Release|Any CPU.Build.0 = Release|Any CPU
		{E7EB4E33-E99B-402B-87F0-AC27A9C1D5DE}.Tests|Any CPU.ActiveCfg = Debug|Any CPU
		{E7EB4E33-E99B-402B-87F0-AC27A9C1D5DE}.Tests|Any CPU.Build.0 = Debug|Any CPU
		{82AB6062-B521-48AF-9611-F632251077D0}.Debug|Any CPU.ActiveCfg = Debug|Any CPU
		{82AB6062-B521-48AF-9611-F632251077D0}.Debug|Any CPU.Build.0 = Debug|Any CPU
		{82AB6062-B521-48AF-9611-F632251077D0}.Release|Any CPU.ActiveCfg = Release|Any CPU
		{82AB6062-B521-48AF-9611-F632251077D0}.Release|Any CPU.Build.0 = Release|Any CPU
		{82AB6062-B521-48AF-9611-F632251077D0}.Tests|Any CPU.ActiveCfg = Debug|Any CPU
		{82AB6062-B521-48AF-9611-F632251077D0}.Tests|Any CPU.Build.0 = Debug|Any CPU
	EndGlobalSection
EndGlobal
