
Microsoft Visual Studio Solution File, Format Version 12.00
Project("{FAE04EC0-301F-11D3-BF4B-00C04F79EFBC}") = "DFlow.Example", "samples\DFlow.Example\DFlow.Example.csproj", "{3CE7D4D0-58BF-44C5-AC84-7CA1FBD17E03}"
EndProject
Project("{FAE04EC0-301F-11D3-BF4B-00C04F79EFBC}") = "DFlow", "src\DFlow\DFlow.csproj", "{D5C025B8-AC7E-4C19-99EA-03732456F812}"
EndProject
Project("{FAE04EC0-301F-11D3-BF4B-00C04F79EFBC}") = "DFlow.Tests", "tests\DFlow.Tests\DFlow.Tests.csproj", "{E592B474-F073-41A8-8AEE-C24A7AD19586}"
EndProject
Project("{FAE04EC0-301F-11D3-BF4B-00C04F79EFBC}") = "DFlow.DependencyInjection.SimpleInjector", "src\contrib\DFlow.DependencyInjection.SimpleInjector\DFlow.DependencyInjection.SimpleInjector.csproj", "{AE714C76-3519-49DB-8B0E-484F363311FB}"
EndProject
Project("{FAE04EC0-301F-11D3-BF4B-00C04F79EFBC}") = "DFlow.AspNetCore", "src\contrib\DFlow.AspNetCore\DFlow.AspNetCore.csproj", "{F370775C-FA29-4340-BCE5-CB71304C58A4}"
EndProject
Project("{FAE04EC0-301F-11D3-BF4B-00C04F79EFBC}") = "DFlow.Domain", "src\DFlow.Domain\DFlow.Domain.csproj", "{C4379CA3-A13D-4E42-B381-3E71EE945FDF}"
EndProject
Project("{FAE04EC0-301F-11D3-BF4B-00C04F79EFBC}") = "DFlow.Domain.Events", "src\DFlow.Domain.Events\DFlow.Domain.Events.csproj", "{82AB6062-B521-48AF-9611-F632251077D0}"
EndProject
Project("{FAE04EC0-301F-11D3-BF4B-00C04F79EFBC}") = "DFlow.Business.Cqrs", "src\DFlow.Business.Cqrs\DFlow.Business.Cqrs.csproj", "{7057935D-2C6A-4CF7-B083-613441EA40AE}"
EndProject
Project("{2150E333-8FDC-42A3-9474-1A3956D46DE8}") = "FirstImpl", "FirstImpl", "{085060D8-3CA9-4165-AFB3-A11EBF5746E6}"
EndProject
Project("{2150E333-8FDC-42A3-9474-1A3956D46DE8}") = "Samples", "Samples", "{96AC39D1-C074-4993-B3E2-F190B2B3E5D4}"
EndProject
Project("{FAE04EC0-301F-11D3-BF4B-00C04F79EFBC}") = "SimplestApp", "samples\SimplestApp\SimplestApp.csproj", "{BDF24821-36AA-43D8-A55F-DF960D88E349}"
EndProject
Project("{FAE04EC0-301F-11D3-BF4B-00C04F79EFBC}") = "DFlow.Samples", "samples\DFlow.Samples\DFlow.Samples.csproj", "{ECB83291-4308-440B-863E-A4BFDDC46D36}"
EndProject
Project("{2150E333-8FDC-42A3-9474-1A3956D46DE8}") = "Tests", "Tests", "{1D9940E4-09D4-42B9-B72D-2DA4D1AA00EB}"
EndProject
Project("{FAE04EC0-301F-11D3-BF4B-00C04F79EFBC}") = "DFlow.Persistence", "src\DFlow.Persistence\DFlow.Persistence.csproj", "{A9F3BA94-9543-4148-919C-39ED9640D5BC}"
EndProject
Project("{2150E333-8FDC-42A3-9474-1A3956D46DE8}") = "Contrib", "Contrib", "{6717E82A-B0EA-4FCA-8A2C-31A46D4999A4}"
EndProject
Project("{FAE04EC0-301F-11D3-BF4B-00C04F79EFBC}") = "SimplestApp.Business.Cqrs", "samples\SimplestApp.Business.Cqrs\SimplestApp.Business.Cqrs.csproj", "{7C3FA12E-C1AB-4937-BB91-D3D32366672F}"
EndProject
Project("{FAE04EC0-301F-11D3-BF4B-00C04F79EFBC}") = "SimplestApp.Persistence.EntityFramework", "samples\SimplestApp.Persistence.EntityFramework\SimplestApp.Persistence.EntityFramework.csproj", "{86B8F8D6-303C-4888-8F62-500399EFF82E}"
EndProject
Project("{FAE04EC0-301F-11D3-BF4B-00C04F79EFBC}") = "DFlow.Domain.EventBus.FluentMediator", "src\contrib\DFlow.Domain.EventBus.FluentMediator\DFlow.Domain.EventBus.FluentMediator.csproj", "{24A7697A-FC70-40A8-A6EB-3A5F634A9A1E}"
EndProject
Project("{FAE04EC0-301F-11D3-BF4B-00C04F79EFBC}") = "DFlow.Persistence.EntityFramework", "src\contrib\DFlow.Persistence.EntityFramework\DFlow.Persistence.EntityFramework.csproj", "{9DB514B5-3C00-472F-BB25-E484978ED5D9}"
EndProject
Project("{FAE04EC0-301F-11D3-BF4B-00C04F79EFBC}") = "DFlow.Persistence.LiteDB", "src\contrib\DFlow.Persistence.LiteDB\DFlow.Persistence.LiteDB.csproj", "{6A62BA94-4710-4FBD-BCC5-3B4A3087317F}"
EndProject
Global
	GlobalSection(SolutionConfigurationPlatforms) = preSolution
		Debug|Any CPU = Debug|Any CPU
		Release|Any CPU = Release|Any CPU
		Tests|Any CPU = Tests|Any CPU
		Release Profilling|Any CPU = Release Profilling|Any CPU
	EndGlobalSection
	GlobalSection(ProjectConfigurationPlatforms) = postSolution
		{3CE7D4D0-58BF-44C5-AC84-7CA1FBD17E03}.Debug|Any CPU.ActiveCfg = Debug|Any CPU
		{3CE7D4D0-58BF-44C5-AC84-7CA1FBD17E03}.Release|Any CPU.ActiveCfg = Release|Any CPU
		{3CE7D4D0-58BF-44C5-AC84-7CA1FBD17E03}.Tests|Any CPU.ActiveCfg = Debug|Any CPU
		{3CE7D4D0-58BF-44C5-AC84-7CA1FBD17E03}.Tests|Any CPU.Build.0 = Debug|Any CPU
		{3CE7D4D0-58BF-44C5-AC84-7CA1FBD17E03}.Debug|Any CPU.Build.0 = Debug|Any CPU
		{3CE7D4D0-58BF-44C5-AC84-7CA1FBD17E03}.Release|Any CPU.Build.0 = Release|Any CPU
		{3CE7D4D0-58BF-44C5-AC84-7CA1FBD17E03}.Release Profilling|Any CPU.ActiveCfg = Release Profilling|Any CPU
		{3CE7D4D0-58BF-44C5-AC84-7CA1FBD17E03}.Release Profilling|Any CPU.Build.0 = Release Profilling|Any CPU
		{D5C025B8-AC7E-4C19-99EA-03732456F812}.Debug|Any CPU.ActiveCfg = Debug|Any CPU
		{D5C025B8-AC7E-4C19-99EA-03732456F812}.Debug|Any CPU.Build.0 = Debug|Any CPU
		{D5C025B8-AC7E-4C19-99EA-03732456F812}.Release|Any CPU.ActiveCfg = Release|Any CPU
		{D5C025B8-AC7E-4C19-99EA-03732456F812}.Release|Any CPU.Build.0 = Release|Any CPU
		{D5C025B8-AC7E-4C19-99EA-03732456F812}.Release|Any CPU.Deploy.0 = Release|Any CPU
		{D5C025B8-AC7E-4C19-99EA-03732456F812}.Tests|Any CPU.ActiveCfg = Debug|Any CPU
		{D5C025B8-AC7E-4C19-99EA-03732456F812}.Tests|Any CPU.Build.0 = Debug|Any CPU
		{D5C025B8-AC7E-4C19-99EA-03732456F812}.Release Profilling|Any CPU.ActiveCfg = Release Profilling|Any CPU
		{D5C025B8-AC7E-4C19-99EA-03732456F812}.Release Profilling|Any CPU.Build.0 = Release Profilling|Any CPU
		{E592B474-F073-41A8-8AEE-C24A7AD19586}.Debug|Any CPU.ActiveCfg = Debug|Any CPU
		{E592B474-F073-41A8-8AEE-C24A7AD19586}.Debug|Any CPU.Build.0 = Debug|Any CPU
		{E592B474-F073-41A8-8AEE-C24A7AD19586}.Release|Any CPU.ActiveCfg = Release|Any CPU
		{E592B474-F073-41A8-8AEE-C24A7AD19586}.Release|Any CPU.Build.0 = Release|Any CPU
		{E592B474-F073-41A8-8AEE-C24A7AD19586}.Tests|Any CPU.ActiveCfg = Debug|Any CPU
		{E592B474-F073-41A8-8AEE-C24A7AD19586}.Tests|Any CPU.Build.0 = Debug|Any CPU
		{E592B474-F073-41A8-8AEE-C24A7AD19586}.Release Profilling|Any CPU.ActiveCfg = Release Profilling|Any CPU
		{AE714C76-3519-49DB-8B0E-484F363311FB}.Debug|Any CPU.ActiveCfg = Debug|Any CPU
		{AE714C76-3519-49DB-8B0E-484F363311FB}.Release|Any CPU.ActiveCfg = Release|Any CPU
		{AE714C76-3519-49DB-8B0E-484F363311FB}.Tests|Any CPU.ActiveCfg = Debug|Any CPU
		{AE714C76-3519-49DB-8B0E-484F363311FB}.Release Profilling|Any CPU.ActiveCfg = Release Profilling|Any CPU
		{F370775C-FA29-4340-BCE5-CB71304C58A4}.Debug|Any CPU.ActiveCfg = Debug|Any CPU
		{F370775C-FA29-4340-BCE5-CB71304C58A4}.Release|Any CPU.ActiveCfg = Release|Any CPU
		{F370775C-FA29-4340-BCE5-CB71304C58A4}.Tests|Any CPU.ActiveCfg = Debug|Any CPU
		{F370775C-FA29-4340-BCE5-CB71304C58A4}.Release Profilling|Any CPU.ActiveCfg = Release Profilling|Any CPU
		{C4379CA3-A13D-4E42-B381-3E71EE945FDF}.Debug|Any CPU.ActiveCfg = Debug|Any CPU
		{C4379CA3-A13D-4E42-B381-3E71EE945FDF}.Debug|Any CPU.Build.0 = Debug|Any CPU
		{C4379CA3-A13D-4E42-B381-3E71EE945FDF}.Release|Any CPU.ActiveCfg = Release|Any CPU
		{C4379CA3-A13D-4E42-B381-3E71EE945FDF}.Release|Any CPU.Build.0 = Release|Any CPU
		{C4379CA3-A13D-4E42-B381-3E71EE945FDF}.Tests|Any CPU.ActiveCfg = Debug|Any CPU
		{C4379CA3-A13D-4E42-B381-3E71EE945FDF}.Tests|Any CPU.Build.0 = Debug|Any CPU
		{C4379CA3-A13D-4E42-B381-3E71EE945FDF}.Release|Any CPU.Deploy.0 = Release|Any CPU
		{C4379CA3-A13D-4E42-B381-3E71EE945FDF}.Release Profilling|Any CPU.ActiveCfg = Release Profilling|Any CPU
		{C4379CA3-A13D-4E42-B381-3E71EE945FDF}.Release Profilling|Any CPU.Build.0 = Release Profilling|Any CPU
		{82AB6062-B521-48AF-9611-F632251077D0}.Debug|Any CPU.ActiveCfg = Debug|Any CPU
		{82AB6062-B521-48AF-9611-F632251077D0}.Debug|Any CPU.Build.0 = Debug|Any CPU
		{82AB6062-B521-48AF-9611-F632251077D0}.Release|Any CPU.ActiveCfg = Release|Any CPU
		{82AB6062-B521-48AF-9611-F632251077D0}.Release|Any CPU.Build.0 = Release|Any CPU
		{82AB6062-B521-48AF-9611-F632251077D0}.Tests|Any CPU.ActiveCfg = Debug|Any CPU
		{82AB6062-B521-48AF-9611-F632251077D0}.Tests|Any CPU.Build.0 = Debug|Any CPU
		{82AB6062-B521-48AF-9611-F632251077D0}.Release|Any CPU.Deploy.0 = Release|Any CPU
		{82AB6062-B521-48AF-9611-F632251077D0}.Release Profilling|Any CPU.ActiveCfg = Release Profilling|Any CPU
		{82AB6062-B521-48AF-9611-F632251077D0}.Release Profilling|Any CPU.Build.0 = Release Profilling|Any CPU
		{7057935D-2C6A-4CF7-B083-613441EA40AE}.Debug|Any CPU.ActiveCfg = Debug|Any CPU
		{7057935D-2C6A-4CF7-B083-613441EA40AE}.Debug|Any CPU.Build.0 = Debug|Any CPU
		{7057935D-2C6A-4CF7-B083-613441EA40AE}.Release|Any CPU.ActiveCfg = Release|Any CPU
		{7057935D-2C6A-4CF7-B083-613441EA40AE}.Release|Any CPU.Build.0 = Release|Any CPU
		{7057935D-2C6A-4CF7-B083-613441EA40AE}.Tests|Any CPU.ActiveCfg = Debug|Any CPU
		{7057935D-2C6A-4CF7-B083-613441EA40AE}.Tests|Any CPU.Build.0 = Debug|Any CPU
		{7057935D-2C6A-4CF7-B083-613441EA40AE}.Release|Any CPU.Deploy.0 = Release|Any CPU
		{7057935D-2C6A-4CF7-B083-613441EA40AE}.Release Profilling|Any CPU.ActiveCfg = Release Profilling|Any CPU
		{7057935D-2C6A-4CF7-B083-613441EA40AE}.Release Profilling|Any CPU.Build.0 = Release Profilling|Any CPU
		{BDF24821-36AA-43D8-A55F-DF960D88E349}.Debug|Any CPU.ActiveCfg = Debug|Any CPU
		{BDF24821-36AA-43D8-A55F-DF960D88E349}.Release|Any CPU.ActiveCfg = Release|Any CPU
		{BDF24821-36AA-43D8-A55F-DF960D88E349}.Tests|Any CPU.ActiveCfg = Debug|Any CPU
		{BDF24821-36AA-43D8-A55F-DF960D88E349}.Release Profilling|Any CPU.ActiveCfg = Release Profilling|Any CPU
		{BDF24821-36AA-43D8-A55F-DF960D88E349}.Debug|Any CPU.Build.0 = Debug|Any CPU
		{ECB83291-4308-440B-863E-A4BFDDC46D36}.Debug|Any CPU.ActiveCfg = Debug|Any CPU
		{ECB83291-4308-440B-863E-A4BFDDC46D36}.Release|Any CPU.ActiveCfg = Release|Any CPU
		{ECB83291-4308-440B-863E-A4BFDDC46D36}.Tests|Any CPU.ActiveCfg = Debug|Any CPU
		{ECB83291-4308-440B-863E-A4BFDDC46D36}.Release Profilling|Any CPU.ActiveCfg = Release Profilling|Any CPU
		{ECB83291-4308-440B-863E-A4BFDDC46D36}.Release Profilling|Any CPU.Build.0 = Release Profilling|Any CPU
		{ECB83291-4308-440B-863E-A4BFDDC46D36}.Debug|Any CPU.Build.0 = Debug|Any CPU
		{A9F3BA94-9543-4148-919C-39ED9640D5BC}.Debug|Any CPU.ActiveCfg = Debug|Any CPU
		{A9F3BA94-9543-4148-919C-39ED9640D5BC}.Debug|Any CPU.Build.0 = Debug|Any CPU
		{A9F3BA94-9543-4148-919C-39ED9640D5BC}.Release|Any CPU.ActiveCfg = Release|Any CPU
		{A9F3BA94-9543-4148-919C-39ED9640D5BC}.Release|Any CPU.Build.0 = Release|Any CPU
		{A9F3BA94-9543-4148-919C-39ED9640D5BC}.Tests|Any CPU.ActiveCfg = Debug|Any CPU
		{A9F3BA94-9543-4148-919C-39ED9640D5BC}.Tests|Any CPU.Build.0 = Debug|Any CPU
		{A9F3BA94-9543-4148-919C-39ED9640D5BC}.Release Profilling|Any CPU.ActiveCfg = Debug|Any CPU
		{A9F3BA94-9543-4148-919C-39ED9640D5BC}.Release|Any CPU.Deploy.0 = Release|Any CPU
		{7C3FA12E-C1AB-4937-BB91-D3D32366672F}.Debug|Any CPU.ActiveCfg = Debug|Any CPU
		{7C3FA12E-C1AB-4937-BB91-D3D32366672F}.Debug|Any CPU.Build.0 = Debug|Any CPU
		{7C3FA12E-C1AB-4937-BB91-D3D32366672F}.Release|Any CPU.ActiveCfg = Release|Any CPU
		{7C3FA12E-C1AB-4937-BB91-D3D32366672F}.Tests|Any CPU.ActiveCfg = Debug|Any CPU
		{7C3FA12E-C1AB-4937-BB91-D3D32366672F}.Tests|Any CPU.Build.0 = Debug|Any CPU
		{7C3FA12E-C1AB-4937-BB91-D3D32366672F}.Release Profilling|Any CPU.ActiveCfg = Release Profilling|Any CPU
		{7C3FA12E-C1AB-4937-BB91-D3D32366672F}.Release Profilling|Any CPU.Build.0 = Release Profilling|Any CPU
		{86B8F8D6-303C-4888-8F62-500399EFF82E}.Debug|Any CPU.ActiveCfg = Debug|Any CPU
		{86B8F8D6-303C-4888-8F62-500399EFF82E}.Debug|Any CPU.Build.0 = Debug|Any CPU
		{86B8F8D6-303C-4888-8F62-500399EFF82E}.Release|Any CPU.ActiveCfg = Release|Any CPU
		{86B8F8D6-303C-4888-8F62-500399EFF82E}.Tests|Any CPU.ActiveCfg = Debug|Any CPU
		{86B8F8D6-303C-4888-8F62-500399EFF82E}.Tests|Any CPU.Build.0 = Debug|Any CPU
		{86B8F8D6-303C-4888-8F62-500399EFF82E}.Release Profilling|Any CPU.ActiveCfg = Release Profilling|Any CPU
		{86B8F8D6-303C-4888-8F62-500399EFF82E}.Release Profilling|Any CPU.Build.0 = Release Profilling|Any CPU
		{24A7697A-FC70-40A8-A6EB-3A5F634A9A1E}.Debug|Any CPU.ActiveCfg = Debug|Any CPU
		{24A7697A-FC70-40A8-A6EB-3A5F634A9A1E}.Debug|Any CPU.Build.0 = Debug|Any CPU
		{24A7697A-FC70-40A8-A6EB-3A5F634A9A1E}.Release|Any CPU.ActiveCfg = Release|Any CPU
		{24A7697A-FC70-40A8-A6EB-3A5F634A9A1E}.Release|Any CPU.Build.0 = Release|Any CPU
		{24A7697A-FC70-40A8-A6EB-3A5F634A9A1E}.Tests|Any CPU.ActiveCfg = Debug|Any CPU
		{24A7697A-FC70-40A8-A6EB-3A5F634A9A1E}.Tests|Any CPU.Build.0 = Debug|Any CPU
		{24A7697A-FC70-40A8-A6EB-3A5F634A9A1E}.Release Profilling|Any CPU.ActiveCfg = Release Profilling|Any CPU
		{24A7697A-FC70-40A8-A6EB-3A5F634A9A1E}.Release Profilling|Any CPU.Build.0 = Release Profilling|Any CPU
		{9DB514B5-3C00-472F-BB25-E484978ED5D9}.Debug|Any CPU.ActiveCfg = Debug|Any CPU
		{9DB514B5-3C00-472F-BB25-E484978ED5D9}.Debug|Any CPU.Build.0 = Debug|Any CPU
		{9DB514B5-3C00-472F-BB25-E484978ED5D9}.Release|Any CPU.ActiveCfg = Release|Any CPU
		{9DB514B5-3C00-472F-BB25-E484978ED5D9}.Release|Any CPU.Build.0 = Release|Any CPU
		{9DB514B5-3C00-472F-BB25-E484978ED5D9}.Tests|Any CPU.ActiveCfg = Debug|Any CPU
		{9DB514B5-3C00-472F-BB25-E484978ED5D9}.Tests|Any CPU.Build.0 = Debug|Any CPU
		{9DB514B5-3C00-472F-BB25-E484978ED5D9}.Release Profilling|Any CPU.ActiveCfg = Debug|Any CPU
		{9DB514B5-3C00-472F-BB25-E484978ED5D9}.Release Profilling|Any CPU.Build.0 = Debug|Any CPU
		{6A62BA94-4710-4FBD-BCC5-3B4A3087317F}.Debug|Any CPU.ActiveCfg = Debug|Any CPU
		{6A62BA94-4710-4FBD-BCC5-3B4A3087317F}.Debug|Any CPU.Build.0 = Debug|Any CPU
		{6A62BA94-4710-4FBD-BCC5-3B4A3087317F}.Release|Any CPU.ActiveCfg = Release|Any CPU
		{6A62BA94-4710-4FBD-BCC5-3B4A3087317F}.Release|Any CPU.Build.0 = Release|Any CPU
		{6A62BA94-4710-4FBD-BCC5-3B4A3087317F}.Tests|Any CPU.ActiveCfg = Debug|Any CPU
		{6A62BA94-4710-4FBD-BCC5-3B4A3087317F}.Tests|Any CPU.Build.0 = Debug|Any CPU
		{6A62BA94-4710-4FBD-BCC5-3B4A3087317F}.Release Profilling|Any CPU.ActiveCfg = Debug|Any CPU
		{6A62BA94-4710-4FBD-BCC5-3B4A3087317F}.Release Profilling|Any CPU.Build.0 = Debug|Any CPU
	EndGlobalSection
	GlobalSection(NestedProjects) = preSolution
		{D5C025B8-AC7E-4C19-99EA-03732456F812} = {085060D8-3CA9-4165-AFB3-A11EBF5746E6}
		{F370775C-FA29-4340-BCE5-CB71304C58A4} = {085060D8-3CA9-4165-AFB3-A11EBF5746E6}
		{AE714C76-3519-49DB-8B0E-484F363311FB} = {085060D8-3CA9-4165-AFB3-A11EBF5746E6}
		{3CE7D4D0-58BF-44C5-AC84-7CA1FBD17E03} = {085060D8-3CA9-4165-AFB3-A11EBF5746E6}
		{BDF24821-36AA-43D8-A55F-DF960D88E349} = {96AC39D1-C074-4993-B3E2-F190B2B3E5D4}
		{ECB83291-4308-440B-863E-A4BFDDC46D36} = {96AC39D1-C074-4993-B3E2-F190B2B3E5D4}
		{E592B474-F073-41A8-8AEE-C24A7AD19586} = {1D9940E4-09D4-42B9-B72D-2DA4D1AA00EB}
		{7C3FA12E-C1AB-4937-BB91-D3D32366672F} = {96AC39D1-C074-4993-B3E2-F190B2B3E5D4}
		{86B8F8D6-303C-4888-8F62-500399EFF82E} = {96AC39D1-C074-4993-B3E2-F190B2B3E5D4}
		{24A7697A-FC70-40A8-A6EB-3A5F634A9A1E} = {6717E82A-B0EA-4FCA-8A2C-31A46D4999A4}
		{9DB514B5-3C00-472F-BB25-E484978ED5D9} = {6717E82A-B0EA-4FCA-8A2C-31A46D4999A4}
		{6A62BA94-4710-4FBD-BCC5-3B4A3087317F} = {6717E82A-B0EA-4FCA-8A2C-31A46D4999A4}
	EndGlobalSection
EndGlobal
