
Microsoft Visual Studio Solution File, Format Version 12.00
Project("{2150E333-8FDC-42A3-9474-1A3956D46DE8}") = "Clients", "Clients", "{BA0C98C3-691F-4A20-9228-F473C46D4ED0}"
EndProject
Project("{FAE04EC0-301F-11D3-BF4B-00C04F79EFBC}") = "Ordinary", "Clients\Ordinary\Ordinary.csproj", "{407E212E-FDF1-4EDE-889A-457F90D88CD2}"
EndProject
Project("{FAE04EC0-301F-11D3-BF4B-00C04F79EFBC}") = "Benchmark.Domain.Impl", "Benchmark.Domain.Impl\Benchmark.Domain.Impl.csproj", "{12B08F02-40DA-4E93-9FC3-DE70964D49D6}"
EndProject
Project("{FAE04EC0-301F-11D3-BF4B-00C04F79EFBC}") = "Benchmark.Repositories.Impl", "Benchmark.Repositories.Impl\Benchmark.Repositories.Impl.csproj", "{1971DE33-7E69-405A-9C35-520C63ED632B}"
EndProject
Project("{FAE04EC0-301F-11D3-BF4B-00C04F79EFBC}") = "Benchmark.Domain.Spec", "Benchmark.Domain.Spec\Benchmark.Domain.Spec.csproj", "{F3F116B9-BFC2-4232-94C7-1E8C85FCC1B1}"
EndProject
Project("{FAE04EC0-301F-11D3-BF4B-00C04F79EFBC}") = "Benchmark.Repositories.Spec", "Benchmark.Repositories.Spec\Benchmark.Repositories.Spec.csproj", "{E528C0BF-664E-445D-AC60-59801FF8514B}"
EndProject
Global
	GlobalSection(SolutionConfigurationPlatforms) = preSolution
		Debug|Any CPU = Debug|Any CPU
		Release|Any CPU = Release|Any CPU
	EndGlobalSection
	GlobalSection(NestedProjects) = preSolution
		{407E212E-FDF1-4EDE-889A-457F90D88CD2} = {BA0C98C3-691F-4A20-9228-F473C46D4ED0}
	EndGlobalSection
	GlobalSection(ProjectConfigurationPlatforms) = postSolution
		{407E212E-FDF1-4EDE-889A-457F90D88CD2}.Debug|Any CPU.ActiveCfg = Debug|Any CPU
		{407E212E-FDF1-4EDE-889A-457F90D88CD2}.Debug|Any CPU.Build.0 = Debug|Any CPU
		{407E212E-FDF1-4EDE-889A-457F90D88CD2}.Release|Any CPU.ActiveCfg = Release|Any CPU
		{407E212E-FDF1-4EDE-889A-457F90D88CD2}.Release|Any CPU.Build.0 = Release|Any CPU
		{12B08F02-40DA-4E93-9FC3-DE70964D49D6}.Debug|Any CPU.ActiveCfg = Debug|Any CPU
		{12B08F02-40DA-4E93-9FC3-DE70964D49D6}.Debug|Any CPU.Build.0 = Debug|Any CPU
		{12B08F02-40DA-4E93-9FC3-DE70964D49D6}.Release|Any CPU.ActiveCfg = Release|Any CPU
		{12B08F02-40DA-4E93-9FC3-DE70964D49D6}.Release|Any CPU.Build.0 = Release|Any CPU
		{1971DE33-7E69-405A-9C35-520C63ED632B}.Debug|Any CPU.ActiveCfg = Debug|Any CPU
		{1971DE33-7E69-405A-9C35-520C63ED632B}.Debug|Any CPU.Build.0 = Debug|Any CPU
		{1971DE33-7E69-405A-9C35-520C63ED632B}.Release|Any CPU.ActiveCfg = Release|Any CPU
		{1971DE33-7E69-405A-9C35-520C63ED632B}.Release|Any CPU.Build.0 = Release|Any CPU
		{F3F116B9-BFC2-4232-94C7-1E8C85FCC1B1}.Debug|Any CPU.ActiveCfg = Debug|Any CPU
		{F3F116B9-BFC2-4232-94C7-1E8C85FCC1B1}.Debug|Any CPU.Build.0 = Debug|Any CPU
		{F3F116B9-BFC2-4232-94C7-1E8C85FCC1B1}.Release|Any CPU.ActiveCfg = Release|Any CPU
		{F3F116B9-BFC2-4232-94C7-1E8C85FCC1B1}.Release|Any CPU.Build.0 = Release|Any CPU
		{E528C0BF-664E-445D-AC60-59801FF8514B}.Debug|Any CPU.ActiveCfg = Debug|Any CPU
		{E528C0BF-664E-445D-AC60-59801FF8514B}.Debug|Any CPU.Build.0 = Debug|Any CPU
		{E528C0BF-664E-445D-AC60-59801FF8514B}.Release|Any CPU.ActiveCfg = Release|Any CPU
		{E528C0BF-664E-445D-AC60-59801FF8514B}.Release|Any CPU.Build.0 = Release|Any CPU
	EndGlobalSection
EndGlobal
